// !$*UTF8*$!
{
	archiveVersion = 1;
	classes = {
	};
	objectVersion = 48;
	objects = {

/* Begin PBXBuildFile section */
		75485BFFDBEAAB20410E3FC0 /* libPods-TestWCDB.a in Frameworks */ = {isa = PBXBuildFile; fileRef = C1E3BE6512AE36F3A8DA2AB6 /* libPods-TestWCDB.a */; };
		AF6CAEA2204FB64E00A9C09D /* AppDelegate.m in Sources */ = {isa = PBXBuildFile; fileRef = AF6CAEA1204FB64E00A9C09D /* AppDelegate.m */; };
		AF6CAEA5204FB64E00A9C09D /* ViewController.m in Sources */ = {isa = PBXBuildFile; fileRef = AF6CAEA4204FB64E00A9C09D /* ViewController.m */; };
		AF6CAEA8204FB64E00A9C09D /* Main.storyboard in Resources */ = {isa = PBXBuildFile; fileRef = AF6CAEA6204FB64E00A9C09D /* Main.storyboard */; };
		AF6CAEAA204FB64E00A9C09D /* Assets.xcassets in Resources */ = {isa = PBXBuildFile; fileRef = AF6CAEA9204FB64E00A9C09D /* Assets.xcassets */; };
		AF6CAEAD204FB64E00A9C09D /* LaunchScreen.storyboard in Resources */ = {isa = PBXBuildFile; fileRef = AF6CAEAB204FB64E00A9C09D /* LaunchScreen.storyboard */; };
		AF6CAEB0204FB64E00A9C09D /* main.m in Sources */ = {isa = PBXBuildFile; fileRef = AF6CAEAF204FB64E00A9C09D /* main.m */; };
		AF6CAEBA204FB64E00A9C09D /* TestWCDBTests.m in Sources */ = {isa = PBXBuildFile; fileRef = AF6CAEB9204FB64E00A9C09D /* TestWCDBTests.m */; };
		AF6CAEC7204FBCB100A9C09D /* Student.m in Sources */ = {isa = PBXBuildFile; fileRef = AF6CAEC6204FBCB100A9C09D /* Student.m */; };
		AF6CAECA204FBEB800A9C09D /* SQL.mm in Sources */ = {isa = PBXBuildFile; fileRef = AF6CAEC9204FBEB800A9C09D /* SQL.mm */; };
		AF6CAECD204FCBAB00A9C09D /* Student+WCTTableCoding.mm in Sources */ = {isa = PBXBuildFile; fileRef = AF6CAECC204FCBAB00A9C09D /* Student+WCTTableCoding.mm */; };
		AF6CAECF204FDCBB00A9C09D /* CRUDTests.m in Sources */ = {isa = PBXBuildFile; fileRef = AF6CAECE204FDCBB00A9C09D /* CRUDTests.m */; };
		AF6CAED3204FE1BF00A9C09D /* ParallelTests.m in Sources */ = {isa = PBXBuildFile; fileRef = AF6CAED2204FE1BF00A9C09D /* ParallelTests.m */; };
		AF6CAF0620500FBC00A9C09D /* Teacher.m in Sources */ = {isa = PBXBuildFile; fileRef = AF6CAF0520500FBC00A9C09D /* Teacher.m */; };
		AF6CAF0920500FC800A9C09D /* Room.m in Sources */ = {isa = PBXBuildFile; fileRef = AF6CAF0820500FC800A9C09D /* Room.m */; };
		AF6CAF0C2050104D00A9C09D /* Teacher+WCTTableCoding.mm in Sources */ = {isa = PBXBuildFile; fileRef = AF6CAF0B2050104D00A9C09D /* Teacher+WCTTableCoding.mm */; };
		AF6CAF0F2050106E00A9C09D /* Room+WCTTableCoding.mm in Sources */ = {isa = PBXBuildFile; fileRef = AF6CAF0E2050106E00A9C09D /* Room+WCTTableCoding.mm */; };
		AFAC0AE520511A7700BECC09 /* CascadeTests.m in Sources */ = {isa = PBXBuildFile; fileRef = AFAC0AE420511A7700BECC09 /* CascadeTests.m */; };
		B660D61F0142A36F5F28D717 /* libPods-TestWCDBTests.a in Frameworks */ = {isa = PBXBuildFile; fileRef = 527627E7D4F9ABA43317D2B9 /* libPods-TestWCDBTests.a */; };
/* End PBXBuildFile section */

/* Begin PBXContainerItemProxy section */
		AF6CAEB6204FB64E00A9C09D /* PBXContainerItemProxy */ = {
			isa = PBXContainerItemProxy;
			containerPortal = AF6CAE95204FB64E00A9C09D /* Project object */;
			proxyType = 1;
			remoteGlobalIDString = AF6CAE9C204FB64E00A9C09D;
			remoteInfo = TestWCDB;
		};
/* End PBXContainerItemProxy section */

/* Begin PBXFileReference section */
		527627E7D4F9ABA43317D2B9 /* libPods-TestWCDBTests.a */ = {isa = PBXFileReference; explicitFileType = archive.ar; includeInIndex = 0; path = "libPods-TestWCDBTests.a"; sourceTree = BUILT_PRODUCTS_DIR; };
		52D2D73AF48D281A08CF5A89 /* Pods-TestWCDBTests.debug.xcconfig */ = {isa = PBXFileReference; includeInIndex = 1; lastKnownFileType = text.xcconfig; name = "Pods-TestWCDBTests.debug.xcconfig"; path = "Pods/Target Support Files/Pods-TestWCDBTests/Pods-TestWCDBTests.debug.xcconfig"; sourceTree = "<group>"; };
		703FB1D225E0B12FC53FF21D /* Pods-TestWCDBTests.release.xcconfig */ = {isa = PBXFileReference; includeInIndex = 1; lastKnownFileType = text.xcconfig; name = "Pods-TestWCDBTests.release.xcconfig"; path = "Pods/Target Support Files/Pods-TestWCDBTests/Pods-TestWCDBTests.release.xcconfig"; sourceTree = "<group>"; };
		70A973070687474EF9CAE24C /* Pods-TestWCDB.release.xcconfig */ = {isa = PBXFileReference; includeInIndex = 1; lastKnownFileType = text.xcconfig; name = "Pods-TestWCDB.release.xcconfig"; path = "Pods/Target Support Files/Pods-TestWCDB/Pods-TestWCDB.release.xcconfig"; sourceTree = "<group>"; };
		AF6CAE9D204FB64E00A9C09D /* TestWCDB.app */ = {isa = PBXFileReference; explicitFileType = wrapper.application; includeInIndex = 0; path = TestWCDB.app; sourceTree = BUILT_PRODUCTS_DIR; };
		AF6CAEA0204FB64E00A9C09D /* AppDelegate.h */ = {isa = PBXFileReference; lastKnownFileType = sourcecode.c.h; path = AppDelegate.h; sourceTree = "<group>"; };
		AF6CAEA1204FB64E00A9C09D /* AppDelegate.m */ = {isa = PBXFileReference; lastKnownFileType = sourcecode.c.objc; path = AppDelegate.m; sourceTree = "<group>"; };
		AF6CAEA3204FB64E00A9C09D /* ViewController.h */ = {isa = PBXFileReference; lastKnownFileType = sourcecode.c.h; path = ViewController.h; sourceTree = "<group>"; };
		AF6CAEA4204FB64E00A9C09D /* ViewController.m */ = {isa = PBXFileReference; lastKnownFileType = sourcecode.c.objc; path = ViewController.m; sourceTree = "<group>"; };
		AF6CAEA7204FB64E00A9C09D /* Base */ = {isa = PBXFileReference; lastKnownFileType = file.storyboard; name = Base; path = Base.lproj/Main.storyboard; sourceTree = "<group>"; };
		AF6CAEA9204FB64E00A9C09D /* Assets.xcassets */ = {isa = PBXFileReference; lastKnownFileType = folder.assetcatalog; path = Assets.xcassets; sourceTree = "<group>"; };
		AF6CAEAC204FB64E00A9C09D /* Base */ = {isa = PBXFileReference; lastKnownFileType = file.storyboard; name = Base; path = Base.lproj/LaunchScreen.storyboard; sourceTree = "<group>"; };
		AF6CAEAE204FB64E00A9C09D /* Info.plist */ = {isa = PBXFileReference; lastKnownFileType = text.plist.xml; path = Info.plist; sourceTree = "<group>"; };
		AF6CAEAF204FB64E00A9C09D /* main.m */ = {isa = PBXFileReference; lastKnownFileType = sourcecode.c.objc; path = main.m; sourceTree = "<group>"; };
		AF6CAEB5204FB64E00A9C09D /* TestWCDBTests.xctest */ = {isa = PBXFileReference; explicitFileType = wrapper.cfbundle; includeInIndex = 0; path = TestWCDBTests.xctest; sourceTree = BUILT_PRODUCTS_DIR; };
		AF6CAEB9204FB64E00A9C09D /* TestWCDBTests.m */ = {isa = PBXFileReference; lastKnownFileType = sourcecode.c.objc; path = TestWCDBTests.m; sourceTree = "<group>"; };
		AF6CAEBB204FB64E00A9C09D /* Info.plist */ = {isa = PBXFileReference; lastKnownFileType = text.plist.xml; path = Info.plist; sourceTree = "<group>"; };
		AF6CAEC5204FBCB100A9C09D /* Student.h */ = {isa = PBXFileReference; lastKnownFileType = sourcecode.c.h; path = Student.h; sourceTree = "<group>"; };
		AF6CAEC6204FBCB100A9C09D /* Student.m */ = {isa = PBXFileReference; lastKnownFileType = sourcecode.c.objc; path = Student.m; sourceTree = "<group>"; };
		AF6CAEC8204FBEB800A9C09D /* SQL.h */ = {isa = PBXFileReference; lastKnownFileType = sourcecode.c.h; path = SQL.h; sourceTree = "<group>"; };
		AF6CAEC9204FBEB800A9C09D /* SQL.mm */ = {isa = PBXFileReference; lastKnownFileType = sourcecode.cpp.objcpp; path = SQL.mm; sourceTree = "<group>"; };
		AF6CAECB204FCBAB00A9C09D /* Student+WCTTableCoding.h */ = {isa = PBXFileReference; lastKnownFileType = sourcecode.c.h; path = "Student+WCTTableCoding.h"; sourceTree = "<group>"; };
		AF6CAECC204FCBAB00A9C09D /* Student+WCTTableCoding.mm */ = {isa = PBXFileReference; lastKnownFileType = sourcecode.cpp.objcpp; path = "Student+WCTTableCoding.mm"; sourceTree = "<group>"; };
		AF6CAECE204FDCBB00A9C09D /* CRUDTests.m */ = {isa = PBXFileReference; lastKnownFileType = sourcecode.c.objc; path = CRUDTests.m; sourceTree = "<group>"; };
		AF6CAED2204FE1BF00A9C09D /* ParallelTests.m */ = {isa = PBXFileReference; lastKnownFileType = sourcecode.c.objc; path = ParallelTests.m; sourceTree = "<group>"; };
		AF6CAF0420500FBC00A9C09D /* Teacher.h */ = {isa = PBXFileReference; lastKnownFileType = sourcecode.c.h; path = Teacher.h; sourceTree = "<group>"; };
		AF6CAF0520500FBC00A9C09D /* Teacher.m */ = {isa = PBXFileReference; lastKnownFileType = sourcecode.c.objc; path = Teacher.m; sourceTree = "<group>"; };
		AF6CAF0720500FC800A9C09D /* Room.h */ = {isa = PBXFileReference; lastKnownFileType = sourcecode.c.h; path = Room.h; sourceTree = "<group>"; };
		AF6CAF0820500FC800A9C09D /* Room.m */ = {isa = PBXFileReference; lastKnownFileType = sourcecode.c.objc; path = Room.m; sourceTree = "<group>"; };
		AF6CAF0A2050104D00A9C09D /* Teacher+WCTTableCoding.h */ = {isa = PBXFileReference; lastKnownFileType = sourcecode.c.h; path = "Teacher+WCTTableCoding.h"; sourceTree = "<group>"; };
		AF6CAF0B2050104D00A9C09D /* Teacher+WCTTableCoding.mm */ = {isa = PBXFileReference; lastKnownFileType = sourcecode.cpp.objcpp; path = "Teacher+WCTTableCoding.mm"; sourceTree = "<group>"; };
		AF6CAF0D2050106E00A9C09D /* Room+WCTTableCoding.h */ = {isa = PBXFileReference; lastKnownFileType = sourcecode.c.h; path = "Room+WCTTableCoding.h"; sourceTree = "<group>"; };
		AF6CAF0E2050106E00A9C09D /* Room+WCTTableCoding.mm */ = {isa = PBXFileReference; lastKnownFileType = sourcecode.cpp.objcpp; path = "Room+WCTTableCoding.mm"; sourceTree = "<group>"; };
		AFAC0AE420511A7700BECC09 /* CascadeTests.m */ = {isa = PBXFileReference; lastKnownFileType = sourcecode.c.objc; path = CascadeTests.m; sourceTree = "<group>"; };
		C1E3BE6512AE36F3A8DA2AB6 /* libPods-TestWCDB.a */ = {isa = PBXFileReference; explicitFileType = archive.ar; includeInIndex = 0; path = "libPods-TestWCDB.a"; sourceTree = BUILT_PRODUCTS_DIR; };
		EF5001C1ADDA371D8DC8423E /* Pods-TestWCDB.debug.xcconfig */ = {isa = PBXFileReference; includeInIndex = 1; lastKnownFileType = text.xcconfig; name = "Pods-TestWCDB.debug.xcconfig"; path = "Pods/Target Support Files/Pods-TestWCDB/Pods-TestWCDB.debug.xcconfig"; sourceTree = "<group>"; };
/* End PBXFileReference section */

/* Begin PBXFrameworksBuildPhase section */
		AF6CAE9A204FB64E00A9C09D /* Frameworks */ = {
			isa = PBXFrameworksBuildPhase;
			buildActionMask = 2147483647;
			files = (
				75485BFFDBEAAB20410E3FC0 /* libPods-TestWCDB.a in Frameworks */,
			);
			runOnlyForDeploymentPostprocessing = 0;
		};
		AF6CAEB2204FB64E00A9C09D /* Frameworks */ = {
			isa = PBXFrameworksBuildPhase;
			buildActionMask = 2147483647;
			files = (
				B660D61F0142A36F5F28D717 /* libPods-TestWCDBTests.a in Frameworks */,
			);
			runOnlyForDeploymentPostprocessing = 0;
		};
/* End PBXFrameworksBuildPhase section */

/* Begin PBXGroup section */
		2524D2CB4BA18ED507A17CD8 /* Pods */ = {
			isa = PBXGroup;
			children = (
				EF5001C1ADDA371D8DC8423E /* Pods-TestWCDB.debug.xcconfig */,
				70A973070687474EF9CAE24C /* Pods-TestWCDB.release.xcconfig */,
				52D2D73AF48D281A08CF5A89 /* Pods-TestWCDBTests.debug.xcconfig */,
				703FB1D225E0B12FC53FF21D /* Pods-TestWCDBTests.release.xcconfig */,
			);
			name = Pods;
			sourceTree = "<group>";
		};
		AF6CAE94204FB64E00A9C09D = {
			isa = PBXGroup;
			children = (
				AF6CAE9F204FB64E00A9C09D /* TestWCDB */,
				AF6CAEB8204FB64E00A9C09D /* TestWCDBTests */,
				AF6CAE9E204FB64E00A9C09D /* Products */,
				2524D2CB4BA18ED507A17CD8 /* Pods */,
				CB6ABD0531838635142180F5 /* Frameworks */,
			);
			sourceTree = "<group>";
		};
		AF6CAE9E204FB64E00A9C09D /* Products */ = {
			isa = PBXGroup;
			children = (
				AF6CAE9D204FB64E00A9C09D /* TestWCDB.app */,
				AF6CAEB5204FB64E00A9C09D /* TestWCDBTests.xctest */,
			);
			name = Products;
			sourceTree = "<group>";
		};
		AF6CAE9F204FB64E00A9C09D /* TestWCDB */ = {
			isa = PBXGroup;
			children = (
				AF6CAEC4204FBC9400A9C09D /* Models */,
				AF6CAEC8204FBEB800A9C09D /* SQL.h */,
				AF6CAEC9204FBEB800A9C09D /* SQL.mm */,
				AF6CAEA0204FB64E00A9C09D /* AppDelegate.h */,
				AF6CAEA1204FB64E00A9C09D /* AppDelegate.m */,
				AF6CAEA3204FB64E00A9C09D /* ViewController.h */,
				AF6CAEA4204FB64E00A9C09D /* ViewController.m */,
				AF6CAEA6204FB64E00A9C09D /* Main.storyboard */,
				AF6CAEA9204FB64E00A9C09D /* Assets.xcassets */,
				AF6CAEAB204FB64E00A9C09D /* LaunchScreen.storyboard */,
				AF6CAEAE204FB64E00A9C09D /* Info.plist */,
				AF6CAEAF204FB64E00A9C09D /* main.m */,
			);
			path = TestWCDB;
			sourceTree = "<group>";
		};
		AF6CAEB8204FB64E00A9C09D /* TestWCDBTests */ = {
			isa = PBXGroup;
			children = (
				AFAC0AE420511A7700BECC09 /* CascadeTests.m */,
				AF6CAED2204FE1BF00A9C09D /* ParallelTests.m */,
				AF6CAECE204FDCBB00A9C09D /* CRUDTests.m */,
				AF6CAEB9204FB64E00A9C09D /* TestWCDBTests.m */,
				AF6CAEBB204FB64E00A9C09D /* Info.plist */,
			);
			path = TestWCDBTests;
			sourceTree = "<group>";
		};
		AF6CAEC4204FBC9400A9C09D /* Models */ = {
			isa = PBXGroup;
			children = (
				AF6CAEC5204FBCB100A9C09D /* Student.h */,
				AF6CAEC6204FBCB100A9C09D /* Student.m */,
				AF6CAECB204FCBAB00A9C09D /* Student+WCTTableCoding.h */,
				AF6CAECC204FCBAB00A9C09D /* Student+WCTTableCoding.mm */,
				AF6CAF0420500FBC00A9C09D /* Teacher.h */,
				AF6CAF0520500FBC00A9C09D /* Teacher.m */,
				AF6CAF0A2050104D00A9C09D /* Teacher+WCTTableCoding.h */,
				AF6CAF0B2050104D00A9C09D /* Teacher+WCTTableCoding.mm */,
				AF6CAF0720500FC800A9C09D /* Room.h */,
				AF6CAF0820500FC800A9C09D /* Room.m */,
				AF6CAF0D2050106E00A9C09D /* Room+WCTTableCoding.h */,
				AF6CAF0E2050106E00A9C09D /* Room+WCTTableCoding.mm */,
			);
			path = Models;
			sourceTree = "<group>";
		};
		CB6ABD0531838635142180F5 /* Frameworks */ = {
			isa = PBXGroup;
			children = (
				C1E3BE6512AE36F3A8DA2AB6 /* libPods-TestWCDB.a */,
				527627E7D4F9ABA43317D2B9 /* libPods-TestWCDBTests.a */,
			);
			name = Frameworks;
			sourceTree = "<group>";
		};
/* End PBXGroup section */

/* Begin PBXNativeTarget section */
		AF6CAE9C204FB64E00A9C09D /* TestWCDB */ = {
			isa = PBXNativeTarget;
			buildConfigurationList = AF6CAEBE204FB64E00A9C09D /* Build configuration list for PBXNativeTarget "TestWCDB" */;
			buildPhases = (
				5B4EE5C5C1A8C8EE4BB7792E /* [CP] Check Pods Manifest.lock */,
				AF6CAE99204FB64E00A9C09D /* Sources */,
				AF6CAE9A204FB64E00A9C09D /* Frameworks */,
				AF6CAE9B204FB64E00A9C09D /* Resources */,
				6E36595F91754855F857835B /* [CP] Embed Pods Frameworks */,
				D59D37FF72589CF37CBDB74A /* [CP] Copy Pods Resources */,
			);
			buildRules = (
			);
			dependencies = (
			);
			name = TestWCDB;
			productName = TestWCDB;
			productReference = AF6CAE9D204FB64E00A9C09D /* TestWCDB.app */;
			productType = "com.apple.product-type.application";
		};
		AF6CAEB4204FB64E00A9C09D /* TestWCDBTests */ = {
			isa = PBXNativeTarget;
			buildConfigurationList = AF6CAEC1204FB64E00A9C09D /* Build configuration list for PBXNativeTarget "TestWCDBTests" */;
			buildPhases = (
				935CF33A8A447D18AE547F14 /* [CP] Check Pods Manifest.lock */,
				AF6CAEB1204FB64E00A9C09D /* Sources */,
				AF6CAEB2204FB64E00A9C09D /* Frameworks */,
				AF6CAEB3204FB64E00A9C09D /* Resources */,
				460A145BC9EB688BADDECE0C /* [CP] Embed Pods Frameworks */,
				A99B90A3081E6F4BE652CF67 /* [CP] Copy Pods Resources */,
			);
			buildRules = (
			);
			dependencies = (
				AF6CAEB7204FB64E00A9C09D /* PBXTargetDependency */,
			);
			name = TestWCDBTests;
			productName = TestWCDBTests;
			productReference = AF6CAEB5204FB64E00A9C09D /* TestWCDBTests.xctest */;
			productType = "com.apple.product-type.bundle.unit-test";
		};
/* End PBXNativeTarget section */

/* Begin PBXProject section */
		AF6CAE95204FB64E00A9C09D /* Project object */ = {
			isa = PBXProject;
			attributes = {
				LastUpgradeCheck = 0920;
				ORGANIZATIONNAME = tepmnthar;
				TargetAttributes = {
					AF6CAE9C204FB64E00A9C09D = {
						CreatedOnToolsVersion = 9.2;
						ProvisioningStyle = Automatic;
					};
					AF6CAEB4204FB64E00A9C09D = {
						CreatedOnToolsVersion = 9.2;
						ProvisioningStyle = Automatic;
						TestTargetID = AF6CAE9C204FB64E00A9C09D;
					};
				};
			};
			buildConfigurationList = AF6CAE98204FB64E00A9C09D /* Build configuration list for PBXProject "TestWCDB" */;
			compatibilityVersion = "Xcode 8.0";
			developmentRegion = en;
			hasScannedForEncodings = 0;
			knownRegions = (
				en,
				Base,
			);
			mainGroup = AF6CAE94204FB64E00A9C09D;
			productRefGroup = AF6CAE9E204FB64E00A9C09D /* Products */;
			projectDirPath = "";
			projectRoot = "";
			targets = (
				AF6CAE9C204FB64E00A9C09D /* TestWCDB */,
				AF6CAEB4204FB64E00A9C09D /* TestWCDBTests */,
			);
		};
/* End PBXProject section */

/* Begin PBXResourcesBuildPhase section */
		AF6CAE9B204FB64E00A9C09D /* Resources */ = {
			isa = PBXResourcesBuildPhase;
			buildActionMask = 2147483647;
			files = (
				AF6CAEAD204FB64E00A9C09D /* LaunchScreen.storyboard in Resources */,
				AF6CAEAA204FB64E00A9C09D /* Assets.xcassets in Resources */,
				AF6CAEA8204FB64E00A9C09D /* Main.storyboard in Resources */,
			);
			runOnlyForDeploymentPostprocessing = 0;
		};
		AF6CAEB3204FB64E00A9C09D /* Resources */ = {
			isa = PBXResourcesBuildPhase;
			buildActionMask = 2147483647;
			files = (
			);
			runOnlyForDeploymentPostprocessing = 0;
		};
/* End PBXResourcesBuildPhase section */

/* Begin PBXShellScriptBuildPhase section */
		460A145BC9EB688BADDECE0C /* [CP] Embed Pods Frameworks */ = {
			isa = PBXShellScriptBuildPhase;
			buildActionMask = 2147483647;
			files = (
			);
			inputPaths = (
			);
			name = "[CP] Embed Pods Frameworks";
			outputPaths = (
			);
			runOnlyForDeploymentPostprocessing = 0;
			shellPath = /bin/sh;
			shellScript = "\"${SRCROOT}/Pods/Target Support Files/Pods-TestWCDBTests/Pods-TestWCDBTests-frameworks.sh\"\n";
			showEnvVarsInLog = 0;
		};
		5B4EE5C5C1A8C8EE4BB7792E /* [CP] Check Pods Manifest.lock */ = {
			isa = PBXShellScriptBuildPhase;
			buildActionMask = 2147483647;
			files = (
			);
			inputPaths = (
				"${PODS_PODFILE_DIR_PATH}/Podfile.lock",
				"${PODS_ROOT}/Manifest.lock",
			);
			name = "[CP] Check Pods Manifest.lock";
			outputPaths = (
				"$(DERIVED_FILE_DIR)/Pods-TestWCDB-checkManifestLockResult.txt",
			);
			runOnlyForDeploymentPostprocessing = 0;
			shellPath = /bin/sh;
			shellScript = "diff \"${PODS_PODFILE_DIR_PATH}/Podfile.lock\" \"${PODS_ROOT}/Manifest.lock\" > /dev/null\nif [ $? != 0 ] ; then\n    # print error to STDERR\n    echo \"error: The sandbox is not in sync with the Podfile.lock. Run 'pod install' or update your CocoaPods installation.\" >&2\n    exit 1\nfi\n# This output is used by Xcode 'outputs' to avoid re-running this script phase.\necho \"SUCCESS\" > \"${SCRIPT_OUTPUT_FILE_0}\"\n";
			showEnvVarsInLog = 0;
		};
		6E36595F91754855F857835B /* [CP] Embed Pods Frameworks */ = {
			isa = PBXShellScriptBuildPhase;
			buildActionMask = 2147483647;
			files = (
			);
			inputPaths = (
			);
			name = "[CP] Embed Pods Frameworks";
			outputPaths = (
			);
			runOnlyForDeploymentPostprocessing = 0;
			shellPath = /bin/sh;
			shellScript = "\"${SRCROOT}/Pods/Target Support Files/Pods-TestWCDB/Pods-TestWCDB-frameworks.sh\"\n";
			showEnvVarsInLog = 0;
		};
		935CF33A8A447D18AE547F14 /* [CP] Check Pods Manifest.lock */ = {
			isa = PBXShellScriptBuildPhase;
			buildActionMask = 2147483647;
			files = (
			);
			inputPaths = (
				"${PODS_PODFILE_DIR_PATH}/Podfile.lock",
				"${PODS_ROOT}/Manifest.lock",
			);
			name = "[CP] Check Pods Manifest.lock";
			outputPaths = (
				"$(DERIVED_FILE_DIR)/Pods-TestWCDBTests-checkManifestLockResult.txt",
			);
			runOnlyForDeploymentPostprocessing = 0;
			shellPath = /bin/sh;
			shellScript = "diff \"${PODS_PODFILE_DIR_PATH}/Podfile.lock\" \"${PODS_ROOT}/Manifest.lock\" > /dev/null\nif [ $? != 0 ] ; then\n    # print error to STDERR\n    echo \"error: The sandbox is not in sync with the Podfile.lock. Run 'pod install' or update your CocoaPods installation.\" >&2\n    exit 1\nfi\n# This output is used by Xcode 'outputs' to avoid re-running this script phase.\necho \"SUCCESS\" > \"${SCRIPT_OUTPUT_FILE_0}\"\n";
			showEnvVarsInLog = 0;
		};
		A99B90A3081E6F4BE652CF67 /* [CP] Copy Pods Resources */ = {
			isa = PBXShellScriptBuildPhase;
			buildActionMask = 2147483647;
			files = (
			);
			inputPaths = (
			);
			name = "[CP] Copy Pods Resources";
			outputPaths = (
			);
			runOnlyForDeploymentPostprocessing = 0;
			shellPath = /bin/sh;
			shellScript = "\"${SRCROOT}/Pods/Target Support Files/Pods-TestWCDBTests/Pods-TestWCDBTests-resources.sh\"\n";
			showEnvVarsInLog = 0;
		};
		D59D37FF72589CF37CBDB74A /* [CP] Copy Pods Resources */ = {
			isa = PBXShellScriptBuildPhase;
			buildActionMask = 2147483647;
			files = (
			);
			inputPaths = (
			);
			name = "[CP] Copy Pods Resources";
			outputPaths = (
			);
			runOnlyForDeploymentPostprocessing = 0;
			shellPath = /bin/sh;
			shellScript = "\"${SRCROOT}/Pods/Target Support Files/Pods-TestWCDB/Pods-TestWCDB-resources.sh\"\n";
			showEnvVarsInLog = 0;
		};
/* End PBXShellScriptBuildPhase section */

/* Begin PBXSourcesBuildPhase section */
		AF6CAE99204FB64E00A9C09D /* Sources */ = {
			isa = PBXSourcesBuildPhase;
			buildActionMask = 2147483647;
			files = (
				AF6CAEA5204FB64E00A9C09D /* ViewController.m in Sources */,
				AF6CAF0620500FBC00A9C09D /* Teacher.m in Sources */,
				AF6CAECD204FCBAB00A9C09D /* Student+WCTTableCoding.mm in Sources */,
				AF6CAEB0204FB64E00A9C09D /* main.m in Sources */,
				AF6CAEA2204FB64E00A9C09D /* AppDelegate.m in Sources */,
				AF6CAF0C2050104D00A9C09D /* Teacher+WCTTableCoding.mm in Sources */,
				AF6CAECA204FBEB800A9C09D /* SQL.mm in Sources */,
				AF6CAF0920500FC800A9C09D /* Room.m in Sources */,
				AF6CAF0F2050106E00A9C09D /* Room+WCTTableCoding.mm in Sources */,
				AF6CAEC7204FBCB100A9C09D /* Student.m in Sources */,
			);
			runOnlyForDeploymentPostprocessing = 0;
		};
		AF6CAEB1204FB64E00A9C09D /* Sources */ = {
			isa = PBXSourcesBuildPhase;
			buildActionMask = 2147483647;
			files = (
				AFAC0AE520511A7700BECC09 /* CascadeTests.m in Sources */,
				AF6CAED3204FE1BF00A9C09D /* ParallelTests.m in Sources */,
				AF6CAEBA204FB64E00A9C09D /* TestWCDBTests.m in Sources */,
				AF6CAECF204FDCBB00A9C09D /* CRUDTests.m in Sources */,
			);
			runOnlyForDeploymentPostprocessing = 0;
		};
/* End PBXSourcesBuildPhase section */

/* Begin PBXTargetDependency section */
		AF6CAEB7204FB64E00A9C09D /* PBXTargetDependency */ = {
			isa = PBXTargetDependency;
			target = AF6CAE9C204FB64E00A9C09D /* TestWCDB */;
			targetProxy = AF6CAEB6204FB64E00A9C09D /* PBXContainerItemProxy */;
		};
/* End PBXTargetDependency section */

/* Begin PBXVariantGroup section */
		AF6CAEA6204FB64E00A9C09D /* Main.storyboard */ = {
			isa = PBXVariantGroup;
			children = (
				AF6CAEA7204FB64E00A9C09D /* Base */,
			);
			name = Main.storyboard;
			sourceTree = "<group>";
		};
		AF6CAEAB204FB64E00A9C09D /* LaunchScreen.storyboard */ = {
			isa = PBXVariantGroup;
			children = (
				AF6CAEAC204FB64E00A9C09D /* Base */,
			);
			name = LaunchScreen.storyboard;
			sourceTree = "<group>";
		};
/* End PBXVariantGroup section */

/* Begin XCBuildConfiguration section */
		AF6CAEBC204FB64E00A9C09D /* Debug */ = {
			isa = XCBuildConfiguration;
			buildSettings = {
				ALWAYS_SEARCH_USER_PATHS = NO;
				CLANG_ANALYZER_NONNULL = YES;
				CLANG_ANALYZER_NUMBER_OBJECT_CONVERSION = YES_AGGRESSIVE;
				CLANG_CXX_LANGUAGE_STANDARD = "gnu++14";
				CLANG_CXX_LIBRARY = "libc++";
				CLANG_ENABLE_MODULES = YES;
				CLANG_ENABLE_OBJC_ARC = YES;
				CLANG_WARN_BLOCK_CAPTURE_AUTORELEASING = YES;
				CLANG_WARN_BOOL_CONVERSION = YES;
				CLANG_WARN_COMMA = YES;
				CLANG_WARN_CONSTANT_CONVERSION = YES;
				CLANG_WARN_DIRECT_OBJC_ISA_USAGE = YES_ERROR;
				CLANG_WARN_DOCUMENTATION_COMMENTS = YES;
				CLANG_WARN_EMPTY_BODY = YES;
				CLANG_WARN_ENUM_CONVERSION = YES;
				CLANG_WARN_INFINITE_RECURSION = YES;
				CLANG_WARN_INT_CONVERSION = YES;
				CLANG_WARN_NON_LITERAL_NULL_CONVERSION = YES;
				CLANG_WARN_OBJC_LITERAL_CONVERSION = YES;
				CLANG_WARN_OBJC_ROOT_CLASS = YES_ERROR;
				CLANG_WARN_RANGE_LOOP_ANALYSIS = YES;
				CLANG_WARN_STRICT_PROTOTYPES = YES;
				CLANG_WARN_SUSPICIOUS_MOVE = YES;
				CLANG_WARN_UNGUARDED_AVAILABILITY = YES_AGGRESSIVE;
				CLANG_WARN_UNREACHABLE_CODE = YES;
				CLANG_WARN__DUPLICATE_METHOD_MATCH = YES;
				CODE_SIGN_IDENTITY = "iPhone Developer";
				COPY_PHASE_STRIP = NO;
				DEBUG_INFORMATION_FORMAT = dwarf;
				ENABLE_STRICT_OBJC_MSGSEND = YES;
				ENABLE_TESTABILITY = YES;
				GCC_C_LANGUAGE_STANDARD = gnu11;
				GCC_DYNAMIC_NO_PIC = NO;
				GCC_NO_COMMON_BLOCKS = YES;
				GCC_OPTIMIZATION_LEVEL = 0;
				GCC_PREPROCESSOR_DEFINITIONS = (
					"DEBUG=1",
					"$(inherited)",
				);
				GCC_WARN_64_TO_32_BIT_CONVERSION = YES;
				GCC_WARN_ABOUT_RETURN_TYPE = YES_ERROR;
				GCC_WARN_UNDECLARED_SELECTOR = YES;
				GCC_WARN_UNINITIALIZED_AUTOS = YES_AGGRESSIVE;
				GCC_WARN_UNUSED_FUNCTION = YES;
				GCC_WARN_UNUSED_VARIABLE = YES;
				IPHONEOS_DEPLOYMENT_TARGET = 11.2;
				MTL_ENABLE_DEBUG_INFO = YES;
				ONLY_ACTIVE_ARCH = YES;
				SDKROOT = iphoneos;
			};
			name = Debug;
		};
		AF6CAEBD204FB64E00A9C09D /* Release */ = {
			isa = XCBuildConfiguration;
			buildSettings = {
				ALWAYS_SEARCH_USER_PATHS = NO;
				CLANG_ANALYZER_NONNULL = YES;
				CLANG_ANALYZER_NUMBER_OBJECT_CONVERSION = YES_AGGRESSIVE;
				CLANG_CXX_LANGUAGE_STANDARD = "gnu++14";
				CLANG_CXX_LIBRARY = "libc++";
				CLANG_ENABLE_MODULES = YES;
				CLANG_ENABLE_OBJC_ARC = YES;
				CLANG_WARN_BLOCK_CAPTURE_AUTORELEASING = YES;
				CLANG_WARN_BOOL_CONVERSION = YES;
				CLANG_WARN_COMMA = YES;
				CLANG_WARN_CONSTANT_CONVERSION = YES;
				CLANG_WARN_DIRECT_OBJC_ISA_USAGE = YES_ERROR;
				CLANG_WARN_DOCUMENTATION_COMMENTS = YES;
				CLANG_WARN_EMPTY_BODY = YES;
				CLANG_WARN_ENUM_CONVERSION = YES;
				CLANG_WARN_INFINITE_RECURSION = YES;
				CLANG_WARN_INT_CONVERSION = YES;
				CLANG_WARN_NON_LITERAL_NULL_CONVERSION = YES;
				CLANG_WARN_OBJC_LITERAL_CONVERSION = YES;
				CLANG_WARN_OBJC_ROOT_CLASS = YES_ERROR;
				CLANG_WARN_RANGE_LOOP_ANALYSIS = YES;
				CLANG_WARN_STRICT_PROTOTYPES = YES;
				CLANG_WARN_SUSPICIOUS_MOVE = YES;
				CLANG_WARN_UNGUARDED_AVAILABILITY = YES_AGGRESSIVE;
				CLANG_WARN_UNREACHABLE_CODE = YES;
				CLANG_WARN__DUPLICATE_METHOD_MATCH = YES;
				CODE_SIGN_IDENTITY = "iPhone Developer";
				COPY_PHASE_STRIP = NO;
				DEBUG_INFORMATION_FORMAT = "dwarf-with-dsym";
				ENABLE_NS_ASSERTIONS = NO;
				ENABLE_STRICT_OBJC_MSGSEND = YES;
				GCC_C_LANGUAGE_STANDARD = gnu11;
				GCC_NO_COMMON_BLOCKS = YES;
				GCC_WARN_64_TO_32_BIT_CONVERSION = YES;
				GCC_WARN_ABOUT_RETURN_TYPE = YES_ERROR;
				GCC_WARN_UNDECLARED_SELECTOR = YES;
				GCC_WARN_UNINITIALIZED_AUTOS = YES_AGGRESSIVE;
				GCC_WARN_UNUSED_FUNCTION = YES;
				GCC_WARN_UNUSED_VARIABLE = YES;
				IPHONEOS_DEPLOYMENT_TARGET = 11.2;
				MTL_ENABLE_DEBUG_INFO = NO;
				SDKROOT = iphoneos;
				VALIDATE_PRODUCT = YES;
			};
			name = Release;
		};
		AF6CAEBF204FB64E00A9C09D /* Debug */ = {
			isa = XCBuildConfiguration;
			baseConfigurationReference = EF5001C1ADDA371D8DC8423E /* Pods-TestWCDB.debug.xcconfig */;
			buildSettings = {
				ASSETCATALOG_COMPILER_APPICON_NAME = AppIcon;
				CODE_SIGN_STYLE = Automatic;
				DEVELOPMENT_TEAM = 662J8SU7P8;
				INFOPLIST_FILE = TestWCDB/Info.plist;
				LD_RUNPATH_SEARCH_PATHS = "$(inherited) @executable_path/Frameworks";
				PRODUCT_BUNDLE_IDENTIFIER = tepmnthar.TestWCDB;
				PRODUCT_NAME = "$(TARGET_NAME)";
				TARGETED_DEVICE_FAMILY = "1,2";
			};
			name = Debug;
		};
		AF6CAEC0204FB64E00A9C09D /* Release */ = {
			isa = XCBuildConfiguration;
			baseConfigurationReference = 70A973070687474EF9CAE24C /* Pods-TestWCDB.release.xcconfig */;
			buildSettings = {
				ASSETCATALOG_COMPILER_APPICON_NAME = AppIcon;
				CODE_SIGN_STYLE = Automatic;
				DEVELOPMENT_TEAM = 662J8SU7P8;
				INFOPLIST_FILE = TestWCDB/Info.plist;
				LD_RUNPATH_SEARCH_PATHS = "$(inherited) @executable_path/Frameworks";
				PRODUCT_BUNDLE_IDENTIFIER = tepmnthar.TestWCDB;
				PRODUCT_NAME = "$(TARGET_NAME)";
				TARGETED_DEVICE_FAMILY = "1,2";
			};
			name = Release;
		};
		AF6CAEC2204FB64E00A9C09D /* Debug */ = {
			isa = XCBuildConfiguration;
			baseConfigurationReference = 52D2D73AF48D281A08CF5A89 /* Pods-TestWCDBTests.debug.xcconfig */;
			buildSettings = {
				BUNDLE_LOADER = "$(TEST_HOST)";
				CODE_SIGN_STYLE = Automatic;
				DEVELOPMENT_TEAM = 662J8SU7P8;
				INFOPLIST_FILE = TestWCDBTests/Info.plist;
				LD_RUNPATH_SEARCH_PATHS = "$(inherited) @executable_path/Frameworks @loader_path/Frameworks";
				PRODUCT_BUNDLE_IDENTIFIER = tepmnthar.TestWCDBTests;
				PRODUCT_NAME = "$(TARGET_NAME)";
				TARGETED_DEVICE_FAMILY = "1,2";
				TEST_HOST = "$(BUILT_PRODUCTS_DIR)/TestWCDB.app/TestWCDB";
			};
			name = Debug;
		};
		AF6CAEC3204FB64E00A9C09D /* Release */ = {
			isa = XCBuildConfiguration;
			baseConfigurationReference = 703FB1D225E0B12FC53FF21D /* Pods-TestWCDBTests.release.xcconfig */;
			buildSettings = {
				BUNDLE_LOADER = "$(TEST_HOST)";
				CODE_SIGN_STYLE = Automatic;
				DEVELOPMENT_TEAM = 662J8SU7P8;
				INFOPLIST_FILE = TestWCDBTests/Info.plist;
				LD_RUNPATH_SEARCH_PATHS = "$(inherited) @executable_path/Frameworks @loader_path/Frameworks";
				PRODUCT_BUNDLE_IDENTIFIER = tepmnthar.TestWCDBTests;
				PRODUCT_NAME = "$(TARGET_NAME)";
				TARGETED_DEVICE_FAMILY = "1,2";
				TEST_HOST = "$(BUILT_PRODUCTS_DIR)/TestWCDB.app/TestWCDB";
			};
			name = Release;
		};
/* End XCBuildConfiguration section */

/* Begin XCConfigurationList section */
		AF6CAE98204FB64E00A9C09D /* Build configuration list for PBXProject "TestWCDB" */ = {
			isa = XCConfigurationList;
			buildConfigurations = (
				AF6CAEBC204FB64E00A9C09D /* Debug */,
				AF6CAEBD204FB64E00A9C09D /* Release */,
			);
			defaultConfigurationIsVisible = 0;
			defaultConfigurationName = Release;
		};
		AF6CAEBE204FB64E00A9C09D /* Build configuration list for PBXNativeTarget "TestWCDB" */ = {
			isa = XCConfigurationList;
			buildConfigurations = (
				AF6CAEBF204FB64E00A9C09D /* Debug */,
				AF6CAEC0204FB64E00A9C09D /* Release */,
			);
			defaultConfigurationIsVisible = 0;
			defaultConfigurationName = Release;
		};
		AF6CAEC1204FB64E00A9C09D /* Build configuration list for PBXNativeTarget "TestWCDBTests" */ = {
			isa = XCConfigurationList;
			buildConfigurations = (
				AF6CAEC2204FB64E00A9C09D /* Debug */,
				AF6CAEC3204FB64E00A9C09D /* Release */,
			);
			defaultConfigurationIsVisible = 0;
			defaultConfigurationName = Release;
		};
/* End XCConfigurationList section */
	};
	rootObject = AF6CAE95204FB64E00A9C09D /* Project object */;
}
